
Microsoft Visual Studio Solution File, Format Version 12.00
# Visual Studio Version 17
VisualStudioVersion = 17.6.33829.357
MinimumVisualStudioVersion = 10.0.40219.1
Project("{FAE04EC0-301F-11D3-BF4B-00C04F79EFBC}") = "CShap_6", "CShap_6.csproj", "{35A37489-026D-42DD-A4FB-E41EF97576D7}"
EndProject
Global
	GlobalSection(SolutionConfigurationPlatforms) = preSolution
		Debug|Any CPU = Debug|Any CPU
		Release|Any CPU = Release|Any CPU
	EndGlobalSection
	GlobalSection(ProjectConfigurationPlatforms) = postSolution
		{35A37489-026D-42DD-A4FB-E41EF97576D7}.Debug|Any CPU.ActiveCfg = Debug|Any CPU
		{35A37489-026D-42DD-A4FB-E41EF97576D7}.Debug|Any CPU.Build.0 = Debug|Any CPU
		{35A37489-026D-42DD-A4FB-E41EF97576D7}.Release|Any CPU.ActiveCfg = Release|Any CPU
		{35A37489-026D-42DD-A4FB-E41EF97576D7}.Release|Any CPU.Build.0 = Release|Any CPU
	EndGlobalSection
	GlobalSection(SolutionProperties) = preSolution
		HideSolutionNode = FALSE
	EndGlobalSection
	GlobalSection(ExtensibilityGlobals) = postSolution
		SolutionGuid = {34DBFD85-BA09-4E80-A10F-FC6AC06AEA8A}
	EndGlobalSection
EndGlobal
